// !$*UTF8*$!
{
	archiveVersion = 1;
	classes = {
	};
	objectVersion = 46;
	objects = {

		6795DBC51DE57BF800EED2BB /* main.m in Sources */ = {isa = PBXBuildFile; fileRef = 6795DBC41DE57BF800EED2BB /* main.m */; };
		6795DBC81DE57BF800EED2BB /* AppDelegate.m in Sources */ = {isa = PBXBuildFile; fileRef = 6795DBC71DE57BF800EED2BB /* AppDelegate.m */; };
			);
			);
			);
